
Microsoft Visual Studio Solution File, Format Version 12.00
# Visual Studio 15
VisualStudioVersion = 15.0.28010.2046
MinimumVisualStudioVersion = 10.0.40219.1
Project("{FAE04EC0-301F-11D3-BF4B-00C04F79EFBC}") = "CRUD_Ajax", "CRUD_Ajax\CRUD_Ajax.csproj", "{B185967D-77D3-42C6-B0F5-CDCB1F57E062}"
EndProject
Global
	GlobalSection(SolutionConfigurationPlatforms) = preSolution
		Debug|Any CPU = Debug|Any CPU
		Release|Any CPU = Release|Any CPU
	EndGlobalSection
	GlobalSection(ProjectConfigurationPlatforms) = postSolution
		{B185967D-77D3-42C6-B0F5-CDCB1F57E062}.Debug|Any CPU.ActiveCfg = Debug|Any CPU
		{B185967D-77D3-42C6-B0F5-CDCB1F57E062}.Debug|Any CPU.Build.0 = Debug|Any CPU
		{B185967D-77D3-42C6-B0F5-CDCB1F57E062}.Release|Any CPU.ActiveCfg = Release|Any CPU
		{B185967D-77D3-42C6-B0F5-CDCB1F57E062}.Release|Any CPU.Build.0 = Release|Any CPU
	EndGlobalSection
	GlobalSection(SolutionProperties) = preSolution
		HideSolutionNode = FALSE
	EndGlobalSection
	GlobalSection(ExtensibilityGlobals) = postSolution
		SolutionGuid = {1C584049-6774-49B5-9125-D29F2E93E2A3}
	EndGlobalSection
EndGlobal
